
Microsoft Visual Studio Solution File, Format Version 12.00
Project("{FAE04EC0-301F-11D3-BF4B-00C04F79EFBC}") = "CashFlow.AppHost", "src\CashFlow.AppHost\CashFlow.AppHost.csproj", "{36A12D56-2FE9-4166-9FB1-FA00DA3DCFE9}"
EndProject
Project("{FAE04EC0-301F-11D3-BF4B-00C04F79EFBC}") = "CashFlow.ServiceDefaults", "src\CashFlow.ServiceDefaults\CashFlow.ServiceDefaults.csproj", "{E1A9A1E4-F4D0-4F40-87D8-9B6888A6FB08}"
EndProject
Project("{2150E333-8FDC-42A3-9474-1A3956D46DE8}") = "Aspire", "Aspire", "{9611D6BB-B983-47C9-A5C6-F47A68B4A2F9}"
EndProject
Project("{FAE04EC0-301F-11D3-BF4B-00C04F79EFBC}") = "CashFlow.Domain", "src\CashFlow.Domain\CashFlow.Domain.csproj", "{F7C8F7F9-3DF8-43D2-AB4E-28176FDBB888}"
EndProject
Project("{FAE04EC0-301F-11D3-BF4B-00C04F79EFBC}") = "CashFlow.Transactions.API", "src\CashFlow.Transactions.API\CashFlow.Transactions.API.csproj", "{E2D95EC0-6B1A-4B94-9F38-292952DEC1E6}"
EndProject
Project("{FAE04EC0-301F-11D3-BF4B-00C04F79EFBC}") = "CashFlow.Consolidation.API", "src\CashFlow.Consolidation.API\CashFlow.Consolidation.API.csproj", "{D75BA5B7-1741-40BA-8D01-5A77FDEC444F}"
EndProject
Project("{FAE04EC0-301F-11D3-BF4B-00C04F79EFBC}") = "CashFlow.Gateway", "src\CashFlow.Gateway\CashFlow.Gateway.csproj", "{479A95D7-D209-4D16-A35F-183BBC071018}"
EndProject
Project("{FAE04EC0-301F-11D3-BF4B-00C04F79EFBC}") = "CashFlow.Identity.API", "src\CashFlow.Identity.API\CashFlow.Identity.API.csproj", "{03375047-8740-4927-BEE1-F812FC7BBC3A}"
EndProject
Project("{FAE04EC0-301F-11D3-BF4B-00C04F79EFBC}") = "CashFlow.UnitTests", "tests\CashFlow.UnitTests\CashFlow.UnitTests.csproj", "{305A2360-4F45-45DC-B83A-56B89F9D6D7E}"
EndProject
Project("{FAE04EC0-301F-11D3-BF4B-00C04F79EFBC}") = "CashFlow.IntegrationTests", "tests\CashFlow.IntegrationTests\CashFlow.IntegrationTests.csproj", "{6F92DA85-6598-49AB-AC79-5B257DEF01F6}"
EndProject
Project("{FAE04EC0-301F-11D3-BF4B-00C04F79EFBC}") = "CashFlow.ArchitectureTests", "tests\CashFlow.ArchitectureTests\CashFlow.ArchitectureTests.csproj", "{C8504307-8A20-480E-B7DF-A8F4A91C52A6}"
EndProject
Project("{FAE04EC0-301F-11D3-BF4B-00C04F79EFBC}") = "CashFlow.E2ETests", "tests\CashFlow.E2ETests\CashFlow.E2ETests.csproj", "{61E8B7C0-FDF3-4326-BB7F-80DE6E440448}"
EndProject
Project("{2150E333-8FDC-42A3-9474-1A3956D46DE8}") = "Tests", "Tests", "{88E115B9-798C-42C9-8A5B-D3D5A08E50ED}"
EndProject
Project("{FAE04EC0-301F-11D3-BF4B-00C04F79EFBC}") = "CashFlow.Benchmarks", "tests\CashFlow.Benchmarks\CashFlow.Benchmarks.csproj", "{A9274FD4-CB8E-40D2-B750-B149821D8CCE}"
EndProject
Project("{2150E333-8FDC-42A3-9474-1A3956D46DE8}") = "src", "src", "{827E0CD3-B72D-47B6-A68D-7590B98EB39B}"
EndProject
Global
	GlobalSection(SolutionConfigurationPlatforms) = preSolution
		Debug|Any CPU = Debug|Any CPU
		Debug|x64 = Debug|x64
		Debug|x86 = Debug|x86
		Release|Any CPU = Release|Any CPU
		Release|x64 = Release|x64
		Release|x86 = Release|x86
	EndGlobalSection
	GlobalSection(ProjectConfigurationPlatforms) = postSolution
		{36A12D56-2FE9-4166-9FB1-FA00DA3DCFE9}.Debug|Any CPU.ActiveCfg = Debug|Any CPU
		{36A12D56-2FE9-4166-9FB1-FA00DA3DCFE9}.Debug|Any CPU.Build.0 = Debug|Any CPU
		{36A12D56-2FE9-4166-9FB1-FA00DA3DCFE9}.Debug|x64.ActiveCfg = Debug|Any CPU
		{36A12D56-2FE9-4166-9FB1-FA00DA3DCFE9}.Debug|x64.Build.0 = Debug|Any CPU
		{36A12D56-2FE9-4166-9FB1-FA00DA3DCFE9}.Debug|x86.ActiveCfg = Debug|Any CPU
		{36A12D56-2FE9-4166-9FB1-FA00DA3DCFE9}.Debug|x86.Build.0 = Debug|Any CPU
		{36A12D56-2FE9-4166-9FB1-FA00DA3DCFE9}.Release|Any CPU.ActiveCfg = Release|Any CPU
		{36A12D56-2FE9-4166-9FB1-FA00DA3DCFE9}.Release|Any CPU.Build.0 = Release|Any CPU
		{36A12D56-2FE9-4166-9FB1-FA00DA3DCFE9}.Release|x64.ActiveCfg = Release|Any CPU
		{36A12D56-2FE9-4166-9FB1-FA00DA3DCFE9}.Release|x64.Build.0 = Release|Any CPU
		{36A12D56-2FE9-4166-9FB1-FA00DA3DCFE9}.Release|x86.ActiveCfg = Release|Any CPU
		{36A12D56-2FE9-4166-9FB1-FA00DA3DCFE9}.Release|x86.Build.0 = Release|Any CPU
		{E1A9A1E4-F4D0-4F40-87D8-9B6888A6FB08}.Debug|Any CPU.ActiveCfg = Debug|Any CPU
		{E1A9A1E4-F4D0-4F40-87D8-9B6888A6FB08}.Debug|Any CPU.Build.0 = Debug|Any CPU
		{E1A9A1E4-F4D0-4F40-87D8-9B6888A6FB08}.Debug|x64.ActiveCfg = Debug|Any CPU
		{E1A9A1E4-F4D0-4F40-87D8-9B6888A6FB08}.Debug|x64.Build.0 = Debug|Any CPU
		{E1A9A1E4-F4D0-4F40-87D8-9B6888A6FB08}.Debug|x86.ActiveCfg = Debug|Any CPU
		{E1A9A1E4-F4D0-4F40-87D8-9B6888A6FB08}.Debug|x86.Build.0 = Debug|Any CPU
		{E1A9A1E4-F4D0-4F40-87D8-9B6888A6FB08}.Release|Any CPU.ActiveCfg = Release|Any CPU
		{E1A9A1E4-F4D0-4F40-87D8-9B6888A6FB08}.Release|Any CPU.Build.0 = Release|Any CPU
		{E1A9A1E4-F4D0-4F40-87D8-9B6888A6FB08}.Release|x64.ActiveCfg = Release|Any CPU
		{E1A9A1E4-F4D0-4F40-87D8-9B6888A6FB08}.Release|x64.Build.0 = Release|Any CPU
		{E1A9A1E4-F4D0-4F40-87D8-9B6888A6FB08}.Release|x86.ActiveCfg = Release|Any CPU
		{E1A9A1E4-F4D0-4F40-87D8-9B6888A6FB08}.Release|x86.Build.0 = Release|Any CPU
		{F7C8F7F9-3DF8-43D2-AB4E-28176FDBB888}.Debug|Any CPU.ActiveCfg = Debug|Any CPU
		{F7C8F7F9-3DF8-43D2-AB4E-28176FDBB888}.Debug|Any CPU.Build.0 = Debug|Any CPU
		{F7C8F7F9-3DF8-43D2-AB4E-28176FDBB888}.Debug|x64.ActiveCfg = Debug|Any CPU
		{F7C8F7F9-3DF8-43D2-AB4E-28176FDBB888}.Debug|x64.Build.0 = Debug|Any CPU
		{F7C8F7F9-3DF8-43D2-AB4E-28176FDBB888}.Debug|x86.ActiveCfg = Debug|Any CPU
		{F7C8F7F9-3DF8-43D2-AB4E-28176FDBB888}.Debug|x86.Build.0 = Debug|Any CPU
		{F7C8F7F9-3DF8-43D2-AB4E-28176FDBB888}.Release|Any CPU.ActiveCfg = Release|Any CPU
		{F7C8F7F9-3DF8-43D2-AB4E-28176FDBB888}.Release|Any CPU.Build.0 = Release|Any CPU
		{F7C8F7F9-3DF8-43D2-AB4E-28176FDBB888}.Release|x64.ActiveCfg = Release|Any CPU
		{F7C8F7F9-3DF8-43D2-AB4E-28176FDBB888}.Release|x64.Build.0 = Release|Any CPU
		{F7C8F7F9-3DF8-43D2-AB4E-28176FDBB888}.Release|x86.ActiveCfg = Release|Any CPU
		{F7C8F7F9-3DF8-43D2-AB4E-28176FDBB888}.Release|x86.Build.0 = Release|Any CPU
		{E2D95EC0-6B1A-4B94-9F38-292952DEC1E6}.Debug|Any CPU.ActiveCfg = Debug|Any CPU
		{E2D95EC0-6B1A-4B94-9F38-292952DEC1E6}.Debug|Any CPU.Build.0 = Debug|Any CPU
		{E2D95EC0-6B1A-4B94-9F38-292952DEC1E6}.Debug|x64.ActiveCfg = Debug|Any CPU
		{E2D95EC0-6B1A-4B94-9F38-292952DEC1E6}.Debug|x64.Build.0 = Debug|Any CPU
		{E2D95EC0-6B1A-4B94-9F38-292952DEC1E6}.Debug|x86.ActiveCfg = Debug|Any CPU
		{E2D95EC0-6B1A-4B94-9F38-292952DEC1E6}.Debug|x86.Build.0 = Debug|Any CPU
		{E2D95EC0-6B1A-4B94-9F38-292952DEC1E6}.Release|Any CPU.ActiveCfg = Release|Any CPU
		{E2D95EC0-6B1A-4B94-9F38-292952DEC1E6}.Release|Any CPU.Build.0 = Release|Any CPU
		{E2D95EC0-6B1A-4B94-9F38-292952DEC1E6}.Release|x64.ActiveCfg = Release|Any CPU
		{E2D95EC0-6B1A-4B94-9F38-292952DEC1E6}.Release|x64.Build.0 = Release|Any CPU
		{E2D95EC0-6B1A-4B94-9F38-292952DEC1E6}.Release|x86.ActiveCfg = Release|Any CPU
		{E2D95EC0-6B1A-4B94-9F38-292952DEC1E6}.Release|x86.Build.0 = Release|Any CPU
		{D75BA5B7-1741-40BA-8D01-5A77FDEC444F}.Debug|Any CPU.ActiveCfg = Debug|Any CPU
		{D75BA5B7-1741-40BA-8D01-5A77FDEC444F}.Debug|Any CPU.Build.0 = Debug|Any CPU
		{D75BA5B7-1741-40BA-8D01-5A77FDEC444F}.Debug|x64.ActiveCfg = Debug|Any CPU
		{D75BA5B7-1741-40BA-8D01-5A77FDEC444F}.Debug|x64.Build.0 = Debug|Any CPU
		{D75BA5B7-1741-40BA-8D01-5A77FDEC444F}.Debug|x86.ActiveCfg = Debug|Any CPU
		{D75BA5B7-1741-40BA-8D01-5A77FDEC444F}.Debug|x86.Build.0 = Debug|Any CPU
		{D75BA5B7-1741-40BA-8D01-5A77FDEC444F}.Release|Any CPU.ActiveCfg = Release|Any CPU
		{D75BA5B7-1741-40BA-8D01-5A77FDEC444F}.Release|Any CPU.Build.0 = Release|Any CPU
		{D75BA5B7-1741-40BA-8D01-5A77FDEC444F}.Release|x64.ActiveCfg = Release|Any CPU
		{D75BA5B7-1741-40BA-8D01-5A77FDEC444F}.Release|x64.Build.0 = Release|Any CPU
		{D75BA5B7-1741-40BA-8D01-5A77FDEC444F}.Release|x86.ActiveCfg = Release|Any CPU
		{D75BA5B7-1741-40BA-8D01-5A77FDEC444F}.Release|x86.Build.0 = Release|Any CPU
		{479A95D7-D209-4D16-A35F-183BBC071018}.Debug|Any CPU.ActiveCfg = Debug|Any CPU
		{479A95D7-D209-4D16-A35F-183BBC071018}.Debug|Any CPU.Build.0 = Debug|Any CPU
		{479A95D7-D209-4D16-A35F-183BBC071018}.Debug|x64.ActiveCfg = Debug|Any CPU
		{479A95D7-D209-4D16-A35F-183BBC071018}.Debug|x64.Build.0 = Debug|Any CPU
		{479A95D7-D209-4D16-A35F-183BBC071018}.Debug|x86.ActiveCfg = Debug|Any CPU
		{479A95D7-D209-4D16-A35F-183BBC071018}.Debug|x86.Build.0 = Debug|Any CPU
		{479A95D7-D209-4D16-A35F-183BBC071018}.Release|Any CPU.ActiveCfg = Release|Any CPU
		{479A95D7-D209-4D16-A35F-183BBC071018}.Release|Any CPU.Build.0 = Release|Any CPU
		{479A95D7-D209-4D16-A35F-183BBC071018}.Release|x64.ActiveCfg = Release|Any CPU
		{479A95D7-D209-4D16-A35F-183BBC071018}.Release|x64.Build.0 = Release|Any CPU
		{479A95D7-D209-4D16-A35F-183BBC071018}.Release|x86.ActiveCfg = Release|Any CPU
		{479A95D7-D209-4D16-A35F-183BBC071018}.Release|x86.Build.0 = Release|Any CPU
		{03375047-8740-4927-BEE1-F812FC7BBC3A}.Debug|Any CPU.ActiveCfg = Debug|Any CPU
		{03375047-8740-4927-BEE1-F812FC7BBC3A}.Debug|Any CPU.Build.0 = Debug|Any CPU
		{03375047-8740-4927-BEE1-F812FC7BBC3A}.Debug|x64.ActiveCfg = Debug|Any CPU
		{03375047-8740-4927-BEE1-F812FC7BBC3A}.Debug|x64.Build.0 = Debug|Any CPU
		{03375047-8740-4927-BEE1-F812FC7BBC3A}.Debug|x86.ActiveCfg = Debug|Any CPU
		{03375047-8740-4927-BEE1-F812FC7BBC3A}.Debug|x86.Build.0 = Debug|Any CPU
		{03375047-8740-4927-BEE1-F812FC7BBC3A}.Release|Any CPU.ActiveCfg = Release|Any CPU
		{03375047-8740-4927-BEE1-F812FC7BBC3A}.Release|Any CPU.Build.0 = Release|Any CPU
		{03375047-8740-4927-BEE1-F812FC7BBC3A}.Release|x64.ActiveCfg = Release|Any CPU
		{03375047-8740-4927-BEE1-F812FC7BBC3A}.Release|x64.Build.0 = Release|Any CPU
		{03375047-8740-4927-BEE1-F812FC7BBC3A}.Release|x86.ActiveCfg = Release|Any CPU
		{03375047-8740-4927-BEE1-F812FC7BBC3A}.Release|x86.Build.0 = Release|Any CPU
		{305A2360-4F45-45DC-B83A-56B89F9D6D7E}.Debug|Any CPU.ActiveCfg = Debug|Any CPU
		{305A2360-4F45-45DC-B83A-56B89F9D6D7E}.Debug|Any CPU.Build.0 = Debug|Any CPU
		{305A2360-4F45-45DC-B83A-56B89F9D6D7E}.Debug|x64.ActiveCfg = Debug|Any CPU
		{305A2360-4F45-45DC-B83A-56B89F9D6D7E}.Debug|x64.Build.0 = Debug|Any CPU
		{305A2360-4F45-45DC-B83A-56B89F9D6D7E}.Debug|x86.ActiveCfg = Debug|Any CPU
		{305A2360-4F45-45DC-B83A-56B89F9D6D7E}.Debug|x86.Build.0 = Debug|Any CPU
		{305A2360-4F45-45DC-B83A-56B89F9D6D7E}.Release|Any CPU.ActiveCfg = Release|Any CPU
		{305A2360-4F45-45DC-B83A-56B89F9D6D7E}.Release|Any CPU.Build.0 = Release|Any CPU
		{305A2360-4F45-45DC-B83A-56B89F9D6D7E}.Release|x64.ActiveCfg = Release|Any CPU
		{305A2360-4F45-45DC-B83A-56B89F9D6D7E}.Release|x64.Build.0 = Release|Any CPU
		{305A2360-4F45-45DC-B83A-56B89F9D6D7E}.Release|x86.ActiveCfg = Release|Any CPU
		{305A2360-4F45-45DC-B83A-56B89F9D6D7E}.Release|x86.Build.0 = Release|Any CPU
		{6F92DA85-6598-49AB-AC79-5B257DEF01F6}.Debug|Any CPU.ActiveCfg = Debug|Any CPU
		{6F92DA85-6598-49AB-AC79-5B257DEF01F6}.Debug|Any CPU.Build.0 = Debug|Any CPU
		{6F92DA85-6598-49AB-AC79-5B257DEF01F6}.Debug|x64.ActiveCfg = Debug|Any CPU
		{6F92DA85-6598-49AB-AC79-5B257DEF01F6}.Debug|x64.Build.0 = Debug|Any CPU
		{6F92DA85-6598-49AB-AC79-5B257DEF01F6}.Debug|x86.ActiveCfg = Debug|Any CPU
		{6F92DA85-6598-49AB-AC79-5B257DEF01F6}.Debug|x86.Build.0 = Debug|Any CPU
		{6F92DA85-6598-49AB-AC79-5B257DEF01F6}.Release|Any CPU.ActiveCfg = Release|Any CPU
		{6F92DA85-6598-49AB-AC79-5B257DEF01F6}.Release|Any CPU.Build.0 = Release|Any CPU
		{6F92DA85-6598-49AB-AC79-5B257DEF01F6}.Release|x64.ActiveCfg = Release|Any CPU
		{6F92DA85-6598-49AB-AC79-5B257DEF01F6}.Release|x64.Build.0 = Release|Any CPU
		{6F92DA85-6598-49AB-AC79-5B257DEF01F6}.Release|x86.ActiveCfg = Release|Any CPU
		{6F92DA85-6598-49AB-AC79-5B257DEF01F6}.Release|x86.Build.0 = Release|Any CPU
		{C8504307-8A20-480E-B7DF-A8F4A91C52A6}.Debug|Any CPU.ActiveCfg = Debug|Any CPU
		{C8504307-8A20-480E-B7DF-A8F4A91C52A6}.Debug|Any CPU.Build.0 = Debug|Any CPU
		{C8504307-8A20-480E-B7DF-A8F4A91C52A6}.Debug|x64.ActiveCfg = Debug|Any CPU
		{C8504307-8A20-480E-B7DF-A8F4A91C52A6}.Debug|x64.Build.0 = Debug|Any CPU
		{C8504307-8A20-480E-B7DF-A8F4A91C52A6}.Debug|x86.ActiveCfg = Debug|Any CPU
		{C8504307-8A20-480E-B7DF-A8F4A91C52A6}.Debug|x86.Build.0 = Debug|Any CPU
		{C8504307-8A20-480E-B7DF-A8F4A91C52A6}.Release|Any CPU.ActiveCfg = Release|Any CPU
		{C8504307-8A20-480E-B7DF-A8F4A91C52A6}.Release|Any CPU.Build.0 = Release|Any CPU
		{C8504307-8A20-480E-B7DF-A8F4A91C52A6}.Release|x64.ActiveCfg = Release|Any CPU
		{C8504307-8A20-480E-B7DF-A8F4A91C52A6}.Release|x64.Build.0 = Release|Any CPU
		{C8504307-8A20-480E-B7DF-A8F4A91C52A6}.Release|x86.ActiveCfg = Release|Any CPU
		{C8504307-8A20-480E-B7DF-A8F4A91C52A6}.Release|x86.Build.0 = Release|Any CPU
		{61E8B7C0-FDF3-4326-BB7F-80DE6E440448}.Debug|Any CPU.ActiveCfg = Debug|Any CPU
		{61E8B7C0-FDF3-4326-BB7F-80DE6E440448}.Debug|Any CPU.Build.0 = Debug|Any CPU
		{61E8B7C0-FDF3-4326-BB7F-80DE6E440448}.Debug|x64.ActiveCfg = Debug|Any CPU
		{61E8B7C0-FDF3-4326-BB7F-80DE6E440448}.Debug|x64.Build.0 = Debug|Any CPU
		{61E8B7C0-FDF3-4326-BB7F-80DE6E440448}.Debug|x86.ActiveCfg = Debug|Any CPU
		{61E8B7C0-FDF3-4326-BB7F-80DE6E440448}.Debug|x86.Build.0 = Debug|Any CPU
		{61E8B7C0-FDF3-4326-BB7F-80DE6E440448}.Release|Any CPU.ActiveCfg = Release|Any CPU
		{61E8B7C0-FDF3-4326-BB7F-80DE6E440448}.Release|Any CPU.Build.0 = Release|Any CPU
		{61E8B7C0-FDF3-4326-BB7F-80DE6E440448}.Release|x64.ActiveCfg = Release|Any CPU
		{61E8B7C0-FDF3-4326-BB7F-80DE6E440448}.Release|x64.Build.0 = Release|Any CPU
		{61E8B7C0-FDF3-4326-BB7F-80DE6E440448}.Release|x86.ActiveCfg = Release|Any CPU
		{61E8B7C0-FDF3-4326-BB7F-80DE6E440448}.Release|x86.Build.0 = Release|Any CPU
		{A9274FD4-CB8E-40D2-B750-B149821D8CCE}.Debug|Any CPU.ActiveCfg = Debug|Any CPU
		{A9274FD4-CB8E-40D2-B750-B149821D8CCE}.Debug|Any CPU.Build.0 = Debug|Any CPU
		{A9274FD4-CB8E-40D2-B750-B149821D8CCE}.Debug|x64.ActiveCfg = Debug|Any CPU
		{A9274FD4-CB8E-40D2-B750-B149821D8CCE}.Debug|x64.Build.0 = Debug|Any CPU
		{A9274FD4-CB8E-40D2-B750-B149821D8CCE}.Debug|x86.ActiveCfg = Debug|Any CPU
		{A9274FD4-CB8E-40D2-B750-B149821D8CCE}.Debug|x86.Build.0 = Debug|Any CPU
		{A9274FD4-CB8E-40D2-B750-B149821D8CCE}.Release|Any CPU.ActiveCfg = Release|Any CPU
		{A9274FD4-CB8E-40D2-B750-B149821D8CCE}.Release|Any CPU.Build.0 = Release|Any CPU
		{A9274FD4-CB8E-40D2-B750-B149821D8CCE}.Release|x64.ActiveCfg = Release|Any CPU
		{A9274FD4-CB8E-40D2-B750-B149821D8CCE}.Release|x64.Build.0 = Release|Any CPU
		{A9274FD4-CB8E-40D2-B750-B149821D8CCE}.Release|x86.ActiveCfg = Release|Any CPU
		{A9274FD4-CB8E-40D2-B750-B149821D8CCE}.Release|x86.Build.0 = Release|Any CPU
	EndGlobalSection
	GlobalSection(SolutionProperties) = preSolution
		HideSolutionNode = FALSE
	EndGlobalSection
	GlobalSection(NestedProjects) = preSolution
		{36A12D56-2FE9-4166-9FB1-FA00DA3DCFE9} = {9611D6BB-B983-47C9-A5C6-F47A68B4A2F9}
		{E1A9A1E4-F4D0-4F40-87D8-9B6888A6FB08} = {9611D6BB-B983-47C9-A5C6-F47A68B4A2F9}
		{305A2360-4F45-45DC-B83A-56B89F9D6D7E} = {88E115B9-798C-42C9-8A5B-D3D5A08E50ED}
		{6F92DA85-6598-49AB-AC79-5B257DEF01F6} = {88E115B9-798C-42C9-8A5B-D3D5A08E50ED}
		{C8504307-8A20-480E-B7DF-A8F4A91C52A6} = {88E115B9-798C-42C9-8A5B-D3D5A08E50ED}
		{61E8B7C0-FDF3-4326-BB7F-80DE6E440448} = {88E115B9-798C-42C9-8A5B-D3D5A08E50ED}
		{A9274FD4-CB8E-40D2-B750-B149821D8CCE} = {88E115B9-798C-42C9-8A5B-D3D5A08E50ED}
	EndGlobalSection
EndGlobal
